Microsoft Visual Studio Solution File, Format Version 11.00
# Visual Studio 2008

Project("{4E349C17-22C6-22A8-74BA-644F2E3A53DD}") = "Procedural_Terrain_Generation_v3", "Assembly-CSharp.csproj", "{714EBCA5-C039-B2F2-FD41-FBE17A037EE5}"
EndProject
Project("{4E349C17-22C6-22A8-74BA-644F2E3A53DD}") = "Procedural_Terrain_Generation_v3", "Assembly-CSharp-Editor.csproj", "{6C811784-0DC8-744D-A113-7ABD0053DD8B}"
EndProject
Global
	GlobalSection(SolutionConfigurationPlatforms) = preSolution
		Debug|Any CPU = Debug|Any CPU
		Release|Any CPU = Release|Any CPU
	EndGlobalSection
	GlobalSection(ProjectConfigurationPlatforms) = postSolution
		{714EBCA5-C039-B2F2-FD41-FBE17A037EE5}.Debug|Any CPU.ActiveCfg = Debug|Any CPU
		{714EBCA5-C039-B2F2-FD41-FBE17A037EE5}.Debug|Any CPU.Build.0 = Debug|Any CPU
		{714EBCA5-C039-B2F2-FD41-FBE17A037EE5}.Release|Any CPU.ActiveCfg = Release|Any CPU
		{714EBCA5-C039-B2F2-FD41-FBE17A037EE5}.Release|Any CPU.Build.0 = Release|Any CPU
		{6C811784-0DC8-744D-A113-7ABD0053DD8B}.Debug|Any CPU.ActiveCfg = Debug|Any CPU
		{6C811784-0DC8-744D-A113-7ABD0053DD8B}.Debug|Any CPU.Build.0 = Debug|Any CPU
		{6C811784-0DC8-744D-A113-7ABD0053DD8B}.Release|Any CPU.ActiveCfg = Release|Any CPU
		{6C811784-0DC8-744D-A113-7ABD0053DD8B}.Release|Any CPU.Build.0 = Release|Any CPU
	EndGlobalSection
	GlobalSection(SolutionProperties) = preSolution
		HideSolutionNode = FALSE
	EndGlobalSection
	GlobalSection(MonoDevelopProperties) = preSolution
		StartupItem = Assembly-CSharp.csproj
	EndGlobalSection
EndGlobal
